
Microsoft Visual Studio Solution File, Format Version 12.00
# Visual Studio Version 16
VisualStudioVersion = 16.0.31702.278
MinimumVisualStudioVersion = 10.0.40219.1
Project("{8BC9CEB8-8B4A-11D0-8D11-00A0C91BC942}") = "Zadanie_6_Othello", "Zadanie_6_Othello.vcxproj", "{48904510-D7BD-40CE-B046-404A326D8E04}"
EndProject
Global
	GlobalSection(SolutionConfigurationPlatforms) = preSolution
		Debug|x64 = Debug|x64
		Release|x64 = Release|x64
	EndGlobalSection
	GlobalSection(ProjectConfigurationPlatforms) = postSolution
		{48904510-D7BD-40CE-B046-404A326D8E04}.Debug|x64.ActiveCfg = Debug|x64
		{48904510-D7BD-40CE-B046-404A326D8E04}.Debug|x64.Build.0 = Debug|x64
		{48904510-D7BD-40CE-B046-404A326D8E04}.Release|x64.ActiveCfg = Release|x64
		{48904510-D7BD-40CE-B046-404A326D8E04}.Release|x64.Build.0 = Release|x64
	EndGlobalSection
	GlobalSection(SolutionProperties) = preSolution
		HideSolutionNode = FALSE
	EndGlobalSection
	GlobalSection(ExtensibilityGlobals) = postSolution
		SolutionGuid = {92799D26-AE3A-4FE4-8659-832296036D54}
	EndGlobalSection
EndGlobal
